// !$*UTF8*$!
{
	archiveVersion = 1;
	classes = {
	};
	objectVersion = 46;
	objects = {

/* Begin PBXBuildFile section */
		941B84DD1B4C74D80039A679 /* College.swift in Sources */ = {isa = PBXBuildFile; fileRef = 941B84DC1B4C74D80039A679 /* College.swift */; };
		94A59FF41B4C33E600CD155A /* AppDelegate.swift in Sources */ = {isa = PBXBuildFile; fileRef = 94A59FF31B4C33E600CD155A /* AppDelegate.swift */; };
		94A59FF61B4C33E600CD155A /* ViewController.swift in Sources */ = {isa = PBXBuildFile; fileRef = 94A59FF51B4C33E600CD155A /* ViewController.swift */; };
		94A59FF91B4C33E600CD155A /* Main.storyboard in Resources */ = {isa = PBXBuildFile; fileRef = 94A59FF71B4C33E600CD155A /* Main.storyboard */; };
		94A59FFB1B4C33E600CD155A /* Assets.xcassets in Resources */ = {isa = PBXBuildFile; fileRef = 94A59FFA1B4C33E600CD155A /* Assets.xcassets */; };
		94A59FFE1B4C33E600CD155A /* LaunchScreen.storyboard in Resources */ = {isa = PBXBuildFile; fileRef = 94A59FFC1B4C33E600CD155A /* LaunchScreen.storyboard */; };
		94A5A0091B4C33E600CD155A /* College_Profile_BuilderTests.swift in Sources */ = {isa = PBXBuildFile; fileRef = 94A5A0081B4C33E600CD155A /* College_Profile_BuilderTests.swift */; };
		94A5A0141B4C33E600CD155A /* College_Profile_BuilderUITests.swift in Sources */ = {isa = PBXBuildFile; fileRef = 94A5A0131B4C33E600CD155A /* College_Profile_BuilderUITests.swift */; };
/* End PBXBuildFile section */

/* Begin PBXContainerItemProxy section */
		94A5A0051B4C33E600CD155A /* PBXContainerItemProxy */ = {
			isa = PBXContainerItemProxy;
			containerPortal = 94A59FE81B4C33E600CD155A /* Project object */;
			proxyType = 1;
			remoteGlobalIDString = 94A59FEF1B4C33E600CD155A;
			remoteInfo = "College Profile Builder";
		};
		94A5A0101B4C33E600CD155A /* PBXContainerItemProxy */ = {
			isa = PBXContainerItemProxy;
			containerPortal = 94A59FE81B4C33E600CD155A /* Project object */;
			proxyType = 1;
			remoteGlobalIDString = 94A59FEF1B4C33E600CD155A;
			remoteInfo = "College Profile Builder";
		};
/* End PBXContainerItemProxy section */

/* Begin PBXFileReference section */
		941B84DC1B4C74D80039A679 /* College.swift */ = {isa = PBXFileReference; fileEncoding = 4; lastKnownFileType = sourcecode.swift; path = College.swift; sourceTree = "<group>"; };
		94A59FF01B4C33E600CD155A /* College Profile Builder.app */ = {isa = PBXFileReference; explicitFileType = wrapper.application; includeInIndex = 0; path = "College Profile Builder.app"; sourceTree = BUILT_PRODUCTS_DIR; };
		94A59FF31B4C33E600CD155A /* AppDelegate.swift */ = {isa = PBXFileReference; lastKnownFileType = sourcecode.swift; path = AppDelegate.swift; sourceTree = "<group>"; };
		94A59FF51B4C33E600CD155A /* ViewController.swift */ = {isa = PBXFileReference; lastKnownFileType = sourcecode.swift; path = ViewController.swift; sourceTree = "<group>"; };
		94A59FF81B4C33E600CD155A /* Base */ = {isa = PBXFileReference; lastKnownFileType = file.storyboard; name = Base; path = Base.lproj/Main.storyboard; sourceTree = "<group>"; };
		94A59FFA1B4C33E600CD155A /* Assets.xcassets */ = {isa = PBXFileReference; lastKnownFileType = folder.assetcatalog; path = Assets.xcassets; sourceTree = "<group>"; };
		94A59FFD1B4C33E600CD155A /* Base */ = {isa = PBXFileReference; lastKnownFileType = file.storyboard; name = Base; path = Base.lproj/LaunchScreen.storyboard; sourceTree = "<group>"; };
		94A59FFF1B4C33E600CD155A /* Info.plist */ = {isa = PBXFileReference; lastKnownFileType = text.plist.xml; path = Info.plist; sourceTree = "<group>"; };
		94A5A0041B4C33E600CD155A /* College Profile BuilderTests.xctest */ = {isa = PBXFileReference; explicitFileType = wrapper.cfbundle; includeInIndex = 0; path = "College Profile BuilderTests.xctest"; sourceTree = BUILT_PRODUCTS_DIR; };
		94A5A0081B4C33E600CD155A /* College_Profile_BuilderTests.swift */ = {isa = PBXFileReference; lastKnownFileType = sourcecode.swift; path = College_Profile_BuilderTests.swift; sourceTree = "<group>"; };
		94A5A00A1B4C33E600CD155A /* Info.plist */ = {isa = PBXFileReference; lastKnownFileType = text.plist.xml; path = Info.plist; sourceTree = "<group>"; };
		94A5A00F1B4C33E600CD155A /* College Profile BuilderUITests.xctest */ = {isa = PBXFileReference; explicitFileType = wrapper.cfbundle; includeInIndex = 0; path = "College Profile BuilderUITests.xctest"; sourceTree = BUILT_PRODUCTS_DIR; };
		94A5A0131B4C33E600CD155A /* College_Profile_BuilderUITests.swift */ = {isa = PBXFileReference; lastKnownFileType = sourcecode.swift; path = College_Profile_BuilderUITests.swift; sourceTree = "<group>"; };
		94A5A0151B4C33E600CD155A /* Info.plist */ = {isa = PBXFileReference; lastKnownFileType = text.plist.xml; path = Info.plist; sourceTree = "<group>"; };
/* End PBXFileReference section */

/* Begin PBXFrameworksBuildPhase section */
		94A59FED1B4C33E600CD155A /* Frameworks */ = {
			isa = PBXFrameworksBuildPhase;
			buildActionMask = 2147483647;
			files = (
			);
			runOnlyForDeploymentPostprocessing = 0;
		};
		94A5A0011B4C33E600CD155A /* Frameworks */ = {
			isa = PBXFrameworksBuildPhase;
			buildActionMask = 2147483647;
			files = (
			);
			runOnlyForDeploymentPostprocessing = 0;
		};
		94A5A00C1B4C33E600CD155A /* Frameworks */ = {
			isa = PBXFrameworksBuildPhase;
			buildActionMask = 2147483647;
			files = (
			);
			runOnlyForDeploymentPostprocessing = 0;
		};
/* End PBXFrameworksBuildPhase section */

/* Begin PBXGroup section */
		94A59FE71B4C33E600CD155A = {
			isa = PBXGroup;
			children = (
				94A59FF21B4C33E600CD155A /* College Profile Builder */,
				94A5A0071B4C33E600CD155A /* College Profile BuilderTests */,
				94A5A0121B4C33E600CD155A /* College Profile BuilderUITests */,
				94A59FF11B4C33E600CD155A /* Products */,
			);
			sourceTree = "<group>";
		};
		94A59FF11B4C33E600CD155A /* Products */ = {
			isa = PBXGroup;
			children = (
				94A59FF01B4C33E600CD155A /* College Profile Builder.app */,
				94A5A0041B4C33E600CD155A /* College Profile BuilderTests.xctest */,
				94A5A00F1B4C33E600CD155A /* College Profile BuilderUITests.xctest */,
			);
			name = Products;
			sourceTree = "<group>";
		};
		94A59FF21B4C33E600CD155A /* College Profile Builder */ = {
			isa = PBXGroup;
			children = (
				94A59FF31B4C33E600CD155A /* AppDelegate.swift */,
				94A59FF51B4C33E600CD155A /* ViewController.swift */,
				941B84DC1B4C74D80039A679 /* College.swift */,
				94A59FF71B4C33E600CD155A /* Main.storyboard */,
				94A59FFA1B4C33E600CD155A /* Assets.xcassets */,
				94A59FFC1B4C33E600CD155A /* LaunchScreen.storyboard */,
				94A59FFF1B4C33E600CD155A /* Info.plist */,
			);
			path = "College Profile Builder";
			sourceTree = "<group>";
		};
		94A5A0071B4C33E600CD155A /* College Profile BuilderTests */ = {
			isa = PBXGroup;
			children = (
				94A5A0081B4C33E600CD155A /* College_Profile_BuilderTests.swift */,
				94A5A00A1B4C33E600CD155A /* Info.plist */,
			);
			path = "College Profile BuilderTests";
			sourceTree = "<group>";
		};
		94A5A0121B4C33E600CD155A /* College Profile BuilderUITests */ = {
			isa = PBXGroup;
			children = (
				94A5A0131B4C33E600CD155A /* College_Profile_BuilderUITests.swift */,
				94A5A0151B4C33E600CD155A /* Info.plist */,
			);
			path = "College Profile BuilderUITests";
			sourceTree = "<group>";
		};
/* End PBXGroup section */

/* Begin PBXNativeTarget section */
		94A59FEF1B4C33E600CD155A /* College Profile Builder */ = {
			isa = PBXNativeTarget;
			buildConfigurationList = 94A5A0181B4C33E600CD155A /* Build configuration list for PBXNativeTarget "College Profile Builder" */;
			buildPhases = (
				94A59FEC1B4C33E600CD155A /* Sources */,
				94A59FED1B4C33E600CD155A /* Frameworks */,
				94A59FEE1B4C33E600CD155A /* Resources */,
			);
			buildRules = (
			);
			dependencies = (
			);
			name = "College Profile Builder";
			productName = "College Profile Builder";
			productReference = 94A59FF01B4C33E600CD155A /* College Profile Builder.app */;
			productType = "com.apple.product-type.application";
		};
		94A5A0031B4C33E600CD155A /* College Profile BuilderTests */ = {
			isa = PBXNativeTarget;
			buildConfigurationList = 94A5A01B1B4C33E600CD155A /* Build configuration list for PBXNativeTarget "College Profile BuilderTests" */;
			buildPhases = (
				94A5A0001B4C33E600CD155A /* Sources */,
				94A5A0011B4C33E600CD155A /* Frameworks */,
				94A5A0021B4C33E600CD155A /* Resources */,
			);
			buildRules = (
			);
			dependencies = (
				94A5A0061B4C33E600CD155A /* PBXTargetDependency */,
			);
			name = "College Profile BuilderTests";
			productName = "College Profile BuilderTests";
			productReference = 94A5A0041B4C33E600CD155A /* College Profile BuilderTests.xctest */;
			productType = "com.apple.product-type.bundle.unit-test";
		};
		94A5A00E1B4C33E600CD155A /* College Profile BuilderUITests */ = {
			isa = PBXNativeTarget;
			buildConfigurationList = 94A5A01E1B4C33E600CD155A /* Build configuration list for PBXNativeTarget "College Profile BuilderUITests" */;
			buildPhases = (
				94A5A00B1B4C33E600CD155A /* Sources */,
				94A5A00C1B4C33E600CD155A /* Frameworks */,
				94A5A00D1B4C33E600CD155A /* Resources */,
			);
			buildRules = (
			);
			dependencies = (
				94A5A0111B4C33E600CD155A /* PBXTargetDependency */,
			);
			name = "College Profile BuilderUITests";
			productName = "College Profile BuilderUITests";
			productReference = 94A5A00F1B4C33E600CD155A /* College Profile BuilderUITests.xctest */;
			productType = "com.apple.product-type.bundle.ui-testing";
		};
/* End PBXNativeTarget section */

/* Begin PBXProject section */
		94A59FE81B4C33E600CD155A /* Project object */ = {
			isa = PBXProject;
			attributes = {
				LastUpgradeCheck = 0700;
				ORGANIZATIONNAME = "John Stojka ";
				TargetAttributes = {
					94A59FEF1B4C33E600CD155A = {
						CreatedOnToolsVersion = 7.0;
					};
					94A5A0031B4C33E600CD155A = {
						CreatedOnToolsVersion = 7.0;
						TestTargetID = 94A59FEF1B4C33E600CD155A;
					};
					94A5A00E1B4C33E600CD155A = {
						CreatedOnToolsVersion = 7.0;
						TestTargetID = 94A59FEF1B4C33E600CD155A;
					};
				};
			};
			buildConfigurationList = 94A59FEB1B4C33E600CD155A /* Build configuration list for PBXProject "College Profile Builder" */;
			compatibilityVersion = "Xcode 3.2";
			developmentRegion = English;
			hasScannedForEncodings = 0;
			knownRegions = (
				en,
				Base,
			);
			mainGroup = 94A59FE71B4C33E600CD155A;
			productRefGroup = 94A59FF11B4C33E600CD155A /* Products */;
			projectDirPath = "";
			projectRoot = "";
			targets = (
				94A59FEF1B4C33E600CD155A /* College Profile Builder */,
				94A5A0031B4C33E600CD155A /* College Profile BuilderTests */,
				94A5A00E1B4C33E600CD155A /* College Profile BuilderUITests */,
			);
		};
/* End PBXProject section */

/* Begin PBXResourcesBuildPhase section */
		94A59FEE1B4C33E600CD155A /* Resources */ = {
			isa = PBXResourcesBuildPhase;
			buildActionMask = 2147483647;
			files = (
				94A59FFE1B4C33E600CD155A /* LaunchScreen.storyboard in Resources */,
				94A59FFB1B4C33E600CD155A /* Assets.xcassets in Resources */,
				94A59FF91B4C33E600CD155A /* Main.storyboard in Resources */,
			);
			runOnlyForDeploymentPostprocessing = 0;
		};
		94A5A0021B4C33E600CD155A /* Resources */ = {
			isa = PBXResourcesBuildPhase;
			buildActionMask = 2147483647;
			files = (
			);
			runOnlyForDeploymentPostprocessing = 0;
		};
		94A5A00D1B4C33E600CD155A /* Resources */ = {
			isa = PBXResourcesBuildPhase;
			buildActionMask = 2147483647;
			files = (
			);
			runOnlyForDeploymentPostprocessing = 0;
		};
/* End PBXResourcesBuildPhase section */

/* Begin PBXSourcesBuildPhase section */
		94A59FEC1B4C33E600CD155A /* Sources */ = {
			isa = PBXSourcesBuildPhase;
			buildActionMask = 2147483647;
			files = (
				94A59FF61B4C33E600CD155A /* ViewController.swift in Sources */,
				94A59FF41B4C33E600CD155A /* AppDelegate.swift in Sources */,
				941B84DD1B4C74D80039A679 /* College.swift in Sources */,
			);
			runOnlyForDeploymentPostprocessing = 0;
		};
		94A5A0001B4C33E600CD155A /* Sources */ = {
			isa = PBXSourcesBuildPhase;
			buildActionMask = 2147483647;
			files = (
				94A5A0091B4C33E600CD155A /* College_Profile_BuilderTests.swift in Sources */,
			);
			runOnlyForDeploymentPostprocessing = 0;
		};
		94A5A00B1B4C33E600CD155A /* Sources */ = {
			isa = PBXSourcesBuildPhase;
			buildActionMask = 2147483647;
			files = (
				94A5A0141B4C33E600CD155A /* College_Profile_BuilderUITests.swift in Sources */,
			);
			runOnlyForDeploymentPostprocessing = 0;
		};
/* End PBXSourcesBuildPhase section */

/* Begin PBXTargetDependency section */
		94A5A0061B4C33E600CD155A /* PBXTargetDependency */ = {
			isa = PBXTargetDependency;
			target = 94A59FEF1B4C33E600CD155A /* College Profile Builder */;
			targetProxy = 94A5A0051B4C33E600CD155A /* PBXContainerItemProxy */;
		};
		94A5A0111B4C33E600CD155A /* PBXTargetDependency */ = {
			isa = PBXTargetDependency;
			target = 94A59FEF1B4C33E600CD155A /* College Profile Builder */;
			targetProxy = 94A5A0101B4C33E600CD155A /* PBXContainerItemProxy */;
		};
/* End PBXTargetDependency section */

/* Begin PBXVariantGroup section */
		94A59FF71B4C33E600CD155A /* Main.storyboard */ = {
			isa = PBXVariantGroup;
			children = (
				94A59FF81B4C33E600CD155A /* Base */,
			);
			name = Main.storyboard;
			sourceTree = "<group>";
		};
		94A59FFC1B4C33E600CD155A /* LaunchScreen.storyboard */ = {
			isa = PBXVariantGroup;
			children = (
				94A59FFD1B4C33E600CD155A /* Base */,
			);
			name = LaunchScreen.storyboard;
			sourceTree = "<group>";
		};
/* End PBXVariantGroup section */

/* Begin XCBuildConfiguration section */
		94A5A0161B4C33E600CD155A /* Debug */ = {
			isa = XCBuildConfiguration;
			buildSettings = {
				ALWAYS_SEARCH_USER_PATHS = NO;
				CLANG_CXX_LANGUAGE_STANDARD = "gnu++0x";
				CLANG_CXX_LIBRARY = "libc++";
				CLANG_ENABLE_MODULES = YES;
				CLANG_ENABLE_OBJC_ARC = YES;
				CLANG_WARN_BOOL_CONVERSION = YES;
				CLANG_WARN_CONSTANT_CONVERSION = YES;
				CLANG_WARN_DIRECT_OBJC_ISA_USAGE = YES_ERROR;
				CLANG_WARN_EMPTY_BODY = YES;
				CLANG_WARN_ENUM_CONVERSION = YES;
				CLANG_WARN_INT_CONVERSION = YES;
				CLANG_WARN_OBJC_ROOT_CLASS = YES_ERROR;
				CLANG_WARN_UNREACHABLE_CODE = YES;
				CLANG_WARN__DUPLICATE_METHOD_MATCH = YES;
				"CODE_SIGN_IDENTITY[sdk=iphoneos*]" = "iPhone Developer";
				COPY_PHASE_STRIP = NO;
				DEBUG_INFORMATION_FORMAT = dwarf;
				ENABLE_STRICT_OBJC_MSGSEND = YES;
				ENABLE_TESTABILITY = YES;
				GCC_C_LANGUAGE_STANDARD = gnu99;
				GCC_DYNAMIC_NO_PIC = NO;
				GCC_NO_COMMON_BLOCKS = YES;
				GCC_OPTIMIZATION_LEVEL = 0;
				GCC_PREPROCESSOR_DEFINITIONS = (
					"DEBUG=1",
					"$(inherited)",
				);
				GCC_WARN_64_TO_32_BIT_CONVERSION = YES;
				GCC_WARN_ABOUT_RETURN_TYPE = YES_ERROR;
				GCC_WARN_UNDECLARED_SELECTOR = YES;
				GCC_WARN_UNINITIALIZED_AUTOS = YES_AGGRESSIVE;
				GCC_WARN_UNUSED_FUNCTION = YES;
				GCC_WARN_UNUSED_VARIABLE = YES;
				IPHONEOS_DEPLOYMENT_TARGET = 9.0;
				MTL_ENABLE_DEBUG_INFO = YES;
				ONLY_ACTIVE_ARCH = YES;
				SDKROOT = iphoneos;
				SWIFT_OPTIMIZATION_LEVEL = "-Onone";
				TARGETED_DEVICE_FAMILY = "1,2";
			};
			name = Debug;
		};
		94A5A0171B4C33E600CD155A /* Release */ = {
			isa = XCBuildConfiguration;
			buildSettings = {
				ALWAYS_SEARCH_USER_PATHS = NO;
				CLANG_CXX_LANGUAGE_STANDARD = "gnu++0x";
				CLANG_CXX_LIBRARY = "libc++";
				CLANG_ENABLE_MODULES = YES;
				CLANG_ENABLE_OBJC_ARC = YES;
				CLANG_WARN_BOOL_CONVERSION = YES;
				CLANG_WARN_CONSTANT_CONVERSION = YES;
				CLANG_WARN_DIRECT_OBJC_ISA_USAGE = YES_ERROR;
				CLANG_WARN_EMPTY_BODY = YES;
				CLANG_WARN_ENUM_CONVERSION = YES;
				CLANG_WARN_INT_CONVERSION = YES;
				CLANG_WARN_OBJC_ROOT_CLASS = YES_ERROR;
				CLANG_WARN_UNREACHABLE_CODE = YES;
				CLANG_WARN__DUPLICATE_METHOD_MATCH = YES;
				"CODE_SIGN_IDENTITY[sdk=iphoneos*]" = "iPhone Developer";
				COPY_PHASE_STRIP = NO;
				DEBUG_INFORMATION_FORMAT = "dwarf-with-dsym";
				ENABLE_NS_ASSERTIONS = NO;
				ENABLE_STRICT_OBJC_MSGSEND = YES;
				GCC_C_LANGUAGE_STANDARD = gnu99;
				GCC_NO_COMMON_BLOCKS = YES;
				GCC_WARN_64_TO_32_BIT_CONVERSION = YES;
				GCC_WARN_ABOUT_RETURN_TYPE = YES_ERROR;
				GCC_WARN_UNDECLARED_SELECTOR = YES;
				GCC_WARN_UNINITIALIZED_AUTOS = YES_AGGRESSIVE;
				GCC_WARN_UNUSED_FUNCTION = YES;
				GCC_WARN_UNUSED_VARIABLE = YES;
				IPHONEOS_DEPLOYMENT_TARGET = 9.0;
				MTL_ENABLE_DEBUG_INFO = NO;
				SDKROOT = iphoneos;
				TARGETED_DEVICE_FAMILY = "1,2";
				VALIDATE_PRODUCT = YES;
			};
			name = Release;
		};
		94A5A0191B4C33E600CD155A /* Debug */ = {
			isa = XCBuildConfiguration;
			buildSettings = {
				ASSETCATALOG_COMPILER_APPICON_NAME = AppIcon;
				INFOPLIST_FILE = "College Profile Builder/Info.plist";
				LD_RUNPATH_SEARCH_PATHS = "$(inherited) @executable_path/Frameworks";
				PRODUCT_BUNDLE_IDENTIFIER = "com.stojka.College-Profile-Builder";
				PRODUCT_NAME = "$(TARGET_NAME)";
			};
			name = Debug;
		};
		94A5A01A1B4C33E600CD155A /* Release */ = {
			isa = XCBuildConfiguration;
			buildSettings = {
				ASSETCATALOG_COMPILER_APPICON_NAME = AppIcon;
				INFOPLIST_FILE = "College Profile Builder/Info.plist";
				LD_RUNPATH_SEARCH_PATHS = "$(inherited) @executable_path/Frameworks";
				PRODUCT_BUNDLE_IDENTIFIER = "com.stojka.College-Profile-Builder";
				PRODUCT_NAME = "$(TARGET_NAME)";
			};
			name = Release;
		};
		94A5A01C1B4C33E600CD155A /* Debug */ = {
			isa = XCBuildConfiguration;
			buildSettings = {
				BUNDLE_LOADER = "$(TEST_HOST)";
				INFOPLIST_FILE = "College Profile BuilderTests/Info.plist";
				LD_RUNPATH_SEARCH_PATHS = "$(inherited) @executable_path/Frameworks @loader_path/Frameworks";
				PRODUCT_BUNDLE_IDENTIFIER = "com.stojka.College-Profile-BuilderTests";
				PRODUCT_NAME = "$(TARGET_NAME)";
				TEST_HOST = "$(BUILT_PRODUCTS_DIR)/College Profile Builder.app/College Profile Builder";
			};
			name = Debug;
		};
		94A5A01D1B4C33E600CD155A /* Release */ = {
			isa = XCBuildConfiguration;
			buildSettings = {
				BUNDLE_LOADER = "$(TEST_HOST)";
				INFOPLIST_FILE = "College Profile BuilderTests/Info.plist";
				LD_RUNPATH_SEARCH_PATHS = "$(inherited) @executable_path/Frameworks @loader_path/Frameworks";
				PRODUCT_BUNDLE_IDENTIFIER = "com.stojka.College-Profile-BuilderTests";
				PRODUCT_NAME = "$(TARGET_NAME)";
				TEST_HOST = "$(BUILT_PRODUCTS_DIR)/College Profile Builder.app/College Profile Builder";
			};
			name = Release;
		};
		94A5A01F1B4C33E600CD155A /* Debug */ = {
			isa = XCBuildConfiguration;
			buildSettings = {
				INFOPLIST_FILE = "College Profile BuilderUITests/Info.plist";
				LD_RUNPATH_SEARCH_PATHS = "$(inherited) @executable_path/Frameworks @loader_path/Frameworks";
				PRODUCT_BUNDLE_IDENTIFIER = "com.stojka.College-Profile-BuilderUITests";
				PRODUCT_NAME = "$(TARGET_NAME)";
				TEST_TARGET_NAME = "College Profile Builder";
				USES_XCTRUNNER = YES;
			};
			name = Debug;
		};
		94A5A0201B4C33E600CD155A /* Release */ = {
			isa = XCBuildConfiguration;
			buildSettings = {
				INFOPLIST_FILE = "College Profile BuilderUITests/Info.plist";
				LD_RUNPATH_SEARCH_PATHS = "$(inherited) @executable_path/Frameworks @loader_path/Frameworks";
				PRODUCT_BUNDLE_IDENTIFIER = "com.stojka.College-Profile-BuilderUITests";
				PRODUCT_NAME = "$(TARGET_NAME)";
				TEST_TARGET_NAME = "College Profile Builder";
				USES_XCTRUNNER = YES;
			};
			name = Release;
		};
/* End XCBuildConfiguration section */

/* Begin XCConfigurationList section */
		94A59FEB1B4C33E600CD155A /* Build configuration list for PBXProject "College Profile Builder" */ = {
			isa = XCConfigurationList;
			buildConfigurations = (
				94A5A0161B4C33E600CD155A /* Debug */,
				94A5A0171B4C33E600CD155A /* Release */,
			);
			defaultConfigurationIsVisible = 0;
			defaultConfigurationName = Release;
		};
		94A5A0181B4C33E600CD155A /* Build configuration list for PBXNativeTarget "College Profile Builder" */ = {
			isa = XCConfigurationList;
			buildConfigurations = (
				94A5A0191B4C33E600CD155A /* Debug */,
				94A5A01A1B4C33E600CD155A /* Release */,
			);
			defaultConfigurationIsVisible = 0;
			defaultConfigurationName = Release;
		};
		94A5A01B1B4C33E600CD155A /* Build configuration list for PBXNativeTarget "College Profile BuilderTests" */ = {
			isa = XCConfigurationList;
			buildConfigurations = (
				94A5A01C1B4C33E600CD155A /* Debug */,
				94A5A01D1B4C33E600CD155A /* Release */,
			);
			defaultConfigurationIsVisible = 0;
			defaultConfigurationName = Release;
		};
		94A5A01E1B4C33E600CD155A /* Build configuration list for PBXNativeTarget "College Profile BuilderUITests" */ = {
			isa = XCConfigurationList;
			buildConfigurations = (
				94A5A01F1B4C33E600CD155A /* Debug */,
				94A5A0201B4C33E600CD155A /* Release */,
			);
			defaultConfigurationIsVisible = 0;
			defaultConfigurationName = Release;
		};
/* End XCConfigurationList section */
	};
	rootObject = 94A59FE81B4C33E600CD155A /* Project object */;
}
